PODS:
  - AFNetworking (3.2.1):
    - AFNetworking/NSURLSession (= 3.2.1)
    - AFNetworking/Reachability (= 3.2.1)
    - AFNetworking/Security (= 3.2.1)
    - AFNetworking/Serialization (= 3.2.1)
    - AFNetworking/UIKit (= 3.2.1)
  - AFNetworking/NSURLSession (3.2.1):
    - AFNetworking/Reachability
    - AFNetworking/Security
    - AFNetworking/Serialization
  - AFNetworking/Reachability (3.2.1)
  - AFNetworking/Security (3.2.1)
  - AFNetworking/Serialization (3.2.1)
  - AFNetworking/UIKit (3.2.1):
    - AFNetworking/NSURLSession
  - CocoaAsyncSocket (7.6.4)
  - DACircularProgress (2.3.1)
  - FLEX (3.0.0)
  - IQKeyboardManager (6.5.6)
  - libwebp (1.2.0):
    - libwebp/demux (= 1.2.0)
    - libwebp/mux (= 1.2.0)
    - libwebp/webp (= 1.2.0)
  - libwebp/demux (1.2.0):
    - libwebp/webp
  - libwebp/mux (1.2.0):
    - libwebp/demux
  - libwebp/webp (1.2.0)
  - Masonry (1.1.0)
  - MBProgressHUD (0.9.2)
  - MJExtension (3.2.4)
  - MMKV (1.1.2):
    - MMKVCore (~> 1.1.2)
  - MMKVCore (1.1.2)
  - MWPhotoBrowser (2.1.2):
    - DACircularProgress (~> 2.3)
    - MBProgressHUD (~> 0.9)
    - "SDWebImage (!= 3.7.2, ~> 3.7)"
  - RangersAppLog (5.3.1):
    - RangersAppLog/Core (= 5.3.1)
    - RangersAppLog/Log (= 5.3.1)
    - RangersAppLog/Picker (= 5.3.1)
    - RangersAppLog/UITracker (= 5.3.1)
  - RangersAppLog/Core (5.3.1)
  - RangersAppLog/Log (5.3.1):
    - RangersAppLog/Core
  - RangersAppLog/Picker (5.3.1):
    - RangersAppLog/Log
    - RangersAppLog/UITracker
  - RangersAppLog/UITracker (5.3.1):
    - RangersAppLog/Core
  - ReactiveCocoa (2.5):
    - ReactiveCocoa/UI (= 2.5)
  - ReactiveCocoa/Core (2.5):
    - ReactiveCocoa/no-arc
  - ReactiveCocoa/no-arc (2.5)
  - ReactiveCocoa/UI (2.5):
    - ReactiveCocoa/Core
  - SDWebImage (3.8.3):
    - SDWebImage/Core (= 3.8.3)
  - SDWebImage/Core (3.8.3)
  - Toast (4.0.0)
  - TTSDK/Core (1.11.0.3):
    - RangersAppLog (>= 3.2.5)
  - TTSDK/Image (1.11.0.3):
    - libwebp
    - MMKV
  - TTSDK/LivePull (1.11.0.3):
    - CocoaAsyncSocket (~> 7.6.4)
    - TTSDK/Core
    - TTSDK/PlayerCore
  - TTSDK/LivePush (1.11.0.3):
    - TTSDK/Core
  - TTSDK/Player (1.11.0.3):
    - TTSDK/Core
    - TTSDK/PlayerCore
  - TTSDK/PlayerCore (1.11.0.3):
    - TTSDK/TTFFmpeg
  - TTSDK/TTFFmpeg (1.11.0.3)
  - TTSDK/Uploader (1.11.0.3):
    - TTSDK/Core
  - YYCategories (1.0.4):
    - YYCategories/no-arc (= 1.0.4)
  - YYCategories/no-arc (1.0.4)

DEPENDENCIES:
  - AFNetworking
  - CocoaAsyncSocket
  - FLEX
  - IQKeyboardManager
  - Masonry
  - MJExtension
  - MWPhotoBrowser
  - RangersAppLog/Core (~> 5.3.1)
  - ReactiveCocoa (= 2.5)
  - SDWebImage
  - Toast (~> 4.0.0)
  - TTSDK/Core (from `../`)
  - TTSDK/Image (from `../`)
  - TTSDK/LivePull (from `../`)
  - TTSDK/LivePush (from `../`)
  - TTSDK/Player (from `../`)
  - TTSDK/PlayerCore (from `../`)
  - TTSDK/TTFFmpeg (from `../`)
  - TTSDK/Uploader (from `../`)
  - YYCategories

SPEC REPOS:
  https://github.com/bytedance/cocoapods_sdk_source_repo.git:
    - RangersAppLog
  https://github.com/CocoaPods/Specs.git:
    - AFNetworking
    - CocoaAsyncSocket
    - DACircularProgress
    - FLEX
    - IQKeyboardManager
    - libwebp
    - Masonry
    - MBProgressHUD
    - MJExtension
    - MMKV
    - MMKVCore
    - MWPhotoBrowser
    - ReactiveCocoa
    - SDWebImage
    - Toast
    - YYCategories

EXTERNAL SOURCES:
  TTSDK:
    :path: "../"

SPEC CHECKSUMS:
  AFNetworking: b6f891fdfaed196b46c7a83cf209e09697b94057
  CocoaAsyncSocket: 694058e7c0ed05a9e217d1b3c7ded962f4180845
  DACircularProgress: 4dd437c0fc3da5161cb289e07ac449493d41db71
  FLEX: d66c759bce0f6ebbbf472c742380874d846f2883
  IQKeyboardManager: 2a6e97afdafc7becf0cb17a9a8d795e3a980717f
  libwebp: e90b9c01d99205d03b6bb8f2c8c415e5a4ef66f0
  Masonry: 678fab65091a9290e40e2832a55e7ab731aad201
  MBProgressHUD: 1569cf7ace17a8bac47aabfbb8580a49690386d1
  MJExtension: 88e0900751b6cac8de1cf724ca9838a0b28d5acb
  MMKV: 319aede3b690572ad00bada5831146c63da3d009
  MMKVCore: ae976ab3f019a3e4448f884353e0557b324ff136
  MWPhotoBrowser: 5836d7aa041dc05a13de380c246826578adc5ea5
  RangersAppLog: 94522d9fcdac9604a98728cd200a788421eaa329
  ReactiveCocoa: e2db045570aa97c695e7aa97c2bcab222ae51f4a
  SDWebImage: a72e880a8fe0f7fc31efe15aaed443c074d2a80c
  Toast: 91b396c56ee72a5790816f40d3a94dd357abc196
  TTSDK: edefe5f7f6f34fb77cbb46f757e3bbc5a83eb4ef
  YYCategories: 6bcd4314c6661a561410dce4a793379ebd306abd

PODFILE CHECKSUM: 4b6e9c742ab25d3c4070228b9a9cee32548b16a0

COCOAPODS: 1.9.3
