PODS:
  - AFNetworking (3.2.1):
    - AFNetworking/NSURLSession (= 3.2.1)
    - AFNetworking/Reachability (= 3.2.1)
    - AFNetworking/Security (= 3.2.1)
    - AFNetworking/Serialization (= 3.2.1)
    - AFNetworking/UIKit (= 3.2.1)
  - AFNetworking/NSURLSession (3.2.1):
    - AFNetworking/Reachability
    - AFNetworking/Security
    - AFNetworking/Serialization
  - AFNetworking/Reachability (3.2.1)
  - AFNetworking/Security (3.2.1)
  - AFNetworking/Serialization (3.2.1)
  - AFNetworking/UIKit (3.2.1):
    - AFNetworking/NSURLSession
  - CocoaAsyncSocket (7.6.4)
  - FLEX (3.0.0)
  - IQKeyboardManager (6.5.6)
  - libwebp (1.1.0):
    - libwebp/demux (= 1.1.0)
    - libwebp/mux (= 1.1.0)
    - libwebp/webp (= 1.1.0)
  - libwebp/demux (1.1.0):
    - libwebp/webp
  - libwebp/mux (1.1.0):
    - libwebp/demux
  - libwebp/webp (1.1.0)
  - Masonry (1.1.0)
  - MJExtension (3.2.2)
  - RangersAppLog (5.3.1):
    - RangersAppLog/Core (= 5.3.1)
    - RangersAppLog/Log (= 5.3.1)
    - RangersAppLog/Picker (= 5.3.1)
    - RangersAppLog/UITracker (= 5.3.1)
  - RangersAppLog/Core (5.3.1)
  - RangersAppLog/Log (5.3.1):
    - RangersAppLog/Core
  - RangersAppLog/Picker (5.3.1):
    - RangersAppLog/Log
    - RangersAppLog/UITracker
  - RangersAppLog/UITracker (5.3.1):
    - RangersAppLog/Core
  - ReactiveCocoa (2.5):
    - ReactiveCocoa/UI (= 2.5)
  - ReactiveCocoa/Core (2.5):
    - ReactiveCocoa/no-arc
  - ReactiveCocoa/no-arc (2.5)
  - ReactiveCocoa/UI (2.5):
    - ReactiveCocoa/Core
  - SDWebImage (5.8.4):
    - SDWebImage/Core (= 5.8.4)
  - SDWebImage/Core (5.8.4)
  - Toast (4.0.0)
  - TTSDK (1.1.0.2):
    - TTSDK/Core (= 1.1.0.2)
    - TTSDK/Image (= 1.1.0.2)
    - TTSDK/LivePull (= 1.1.0.2)
    - TTSDK/LivePush (= 1.1.0.2)
    - TTSDK/Player (= 1.1.0.2)
    - TTSDK/PlayerCore (= 1.1.0.2)
  - TTSDK/Core (1.1.0.2):
    - RangersAppLog (>= 3.2.5)
  - TTSDK/Image (1.1.0.2):
    - libwebp
  - TTSDK/LivePull (1.1.0.2):
    - CocoaAsyncSocket (~> 7.6.4)
    - TTSDK/Core
    - TTSDK/PlayerCore
  - TTSDK/LivePush (1.1.0.2):
    - TTSDK/Core
  - TTSDK/Player (1.1.0.2):
    - TTSDK/Core
    - TTSDK/PlayerCore
  - TTSDK/PlayerCore (1.1.0.2)
  - YYCategories (1.0.4):
    - YYCategories/no-arc (= 1.0.4)
  - YYCategories/no-arc (1.0.4)

DEPENDENCIES:
  - AFNetworking
  - CocoaAsyncSocket
  - FLEX
  - IQKeyboardManager
  - Masonry
  - MJExtension
  - RangersAppLog/Core (~> 5.3.1)
  - ReactiveCocoa (= 2.5)
  - SDWebImage
  - Toast (~> 4.0.0)
  - TTSDK (= 1.1.0.2)
  - YYCategories

SPEC REPOS:
  https://github.com/bytedance/cocoapods_sdk_source_repo.git:
    - RangersAppLog
  https://github.com/cocoapods/specs.git:
    - AFNetworking
    - CocoaAsyncSocket
    - FLEX
    - IQKeyboardManager
    - libwebp
    - Masonry
    - MJExtension
    - ReactiveCocoa
    - SDWebImage
    - Toast
    - YYCategories
  https://github.com/volcengine/volcengine-specs.git:
    - TTSDK

SPEC CHECKSUMS:
  AFNetworking: b6f891fdfaed196b46c7a83cf209e09697b94057
  CocoaAsyncSocket: 694058e7c0ed05a9e217d1b3c7ded962f4180845
  FLEX: d66c759bce0f6ebbbf472c742380874d846f2883
  IQKeyboardManager: 2a6e97afdafc7becf0cb17a9a8d795e3a980717f
  libwebp: 946cb3063cea9236285f7e9a8505d806d30e07f3
  Masonry: 678fab65091a9290e40e2832a55e7ab731aad201
  MJExtension: d9b9c74cbdeb724c1e9ecbb157b318276e62e876
  RangersAppLog: 94522d9fcdac9604a98728cd200a788421eaa329
  ReactiveCocoa: e2db045570aa97c695e7aa97c2bcab222ae51f4a
  SDWebImage: cf6922231e95550934da2ada0f20f2becf2ceba9
  Toast: 91b396c56ee72a5790816f40d3a94dd357abc196
  TTSDK: 8567ed7060a13cae480045543553bab50fc0b91c
  YYCategories: 6bcd4314c6661a561410dce4a793379ebd306abd

PODFILE CHECKSUM: ec452b6f7427166b30726235397ecc69694da8fa

COCOAPODS: 1.6.1
